
Microsoft Visual Studio Solution File, Format Version 12.00
# Visual Studio Version 17
VisualStudioVersion = 17.0.32112.339
MinimumVisualStudioVersion = 10.0.40219.1
Project("{8BC9CEB8-8B4A-11D0-8D11-00A0C91BC942}") = "SaturnRings", "SaturnRings\SaturnRings.vcxproj", "{A26E9AD4-E1AE-49A5-829E-71F65E56E1DB}"
EndProject
Global
	GlobalSection(SolutionConfigurationPlatforms) = preSolution
		Debug|x64 = Debug|x64
		Release|x64 = Release|x64
	EndGlobalSection
	GlobalSection(ProjectConfigurationPlatforms) = postSolution
		{A26E9AD4-E1AE-49A5-829E-71F65E56E1DB}.Debug|x64.ActiveCfg = Debug|x64
		{A26E9AD4-E1AE-49A5-829E-71F65E56E1DB}.Debug|x64.Build.0 = Debug|x64
		{A26E9AD4-E1AE-49A5-829E-71F65E56E1DB}.Release|x64.ActiveCfg = Release|x64
		{A26E9AD4-E1AE-49A5-829E-71F65E56E1DB}.Release|x64.Build.0 = Release|x64
	EndGlobalSection
	GlobalSection(SolutionProperties) = preSolution
		HideSolutionNode = FALSE
	EndGlobalSection
	GlobalSection(ExtensibilityGlobals) = postSolution
		SolutionGuid = {C88A8F83-C806-467E-874F-46CA9829AA99}
	EndGlobalSection
EndGlobal
